
Microsoft Visual Studio Solution File, Format Version 12.00
# Visual Studio Version 16
VisualStudioVersion = 16.0.31702.278
MinimumVisualStudioVersion = 10.0.40219.1
Project("{9A19103F-16F7-4668-BE54-9A1E7A4F7556}") = "Targil0", "Targil0\Targil0.csproj", "{62BAEBEB-3ED3-48DD-8748-1AE7BA2A345A}"
EndProject
Project("{9A19103F-16F7-4668-BE54-9A1E7A4F7556}") = "ConsoleUI", "ConsoleUI\ConsoleUI.csproj", "{455AF735-FB01-445F-8AEB-CA3A47FA0763}"
EndProject
Project("{FAE04EC0-301F-11D3-BF4B-00C04F79EFBC}") = "DAL", "DAL\DAL.csproj", "{03B14460-D0D1-4AFE-90AF-B9F1205E8C2C}"
EndProject
Project("{2150E333-8FDC-42A3-9474-1A3956D46DE8}") = "Targil1", "Targil1", "{63180181-CDF3-4D5B-A14D-F997855A3277}"
EndProject
Global
	GlobalSection(SolutionConfigurationPlatforms) = preSolution
		Debug|Any CPU = Debug|Any CPU
		Release|Any CPU = Release|Any CPU
	EndGlobalSection
	GlobalSection(ProjectConfigurationPlatforms) = postSolution
		{62BAEBEB-3ED3-48DD-8748-1AE7BA2A345A}.Debug|Any CPU.ActiveCfg = Debug|Any CPU
		{62BAEBEB-3ED3-48DD-8748-1AE7BA2A345A}.Debug|Any CPU.Build.0 = Debug|Any CPU
		{62BAEBEB-3ED3-48DD-8748-1AE7BA2A345A}.Release|Any CPU.ActiveCfg = Release|Any CPU
		{62BAEBEB-3ED3-48DD-8748-1AE7BA2A345A}.Release|Any CPU.Build.0 = Release|Any CPU
		{455AF735-FB01-445F-8AEB-CA3A47FA0763}.Debug|Any CPU.ActiveCfg = Debug|Any CPU
		{455AF735-FB01-445F-8AEB-CA3A47FA0763}.Debug|Any CPU.Build.0 = Debug|Any CPU
		{455AF735-FB01-445F-8AEB-CA3A47FA0763}.Release|Any CPU.ActiveCfg = Release|Any CPU
		{455AF735-FB01-445F-8AEB-CA3A47FA0763}.Release|Any CPU.Build.0 = Release|Any CPU
		{03B14460-D0D1-4AFE-90AF-B9F1205E8C2C}.Debug|Any CPU.ActiveCfg = Debug|Any CPU
		{03B14460-D0D1-4AFE-90AF-B9F1205E8C2C}.Debug|Any CPU.Build.0 = Debug|Any CPU
		{03B14460-D0D1-4AFE-90AF-B9F1205E8C2C}.Release|Any CPU.ActiveCfg = Release|Any CPU
		{03B14460-D0D1-4AFE-90AF-B9F1205E8C2C}.Release|Any CPU.Build.0 = Release|Any CPU
	EndGlobalSection
	GlobalSection(SolutionProperties) = preSolution
		HideSolutionNode = FALSE
	EndGlobalSection
	GlobalSection(NestedProjects) = preSolution
		{455AF735-FB01-445F-8AEB-CA3A47FA0763} = {63180181-CDF3-4D5B-A14D-F997855A3277}
		{03B14460-D0D1-4AFE-90AF-B9F1205E8C2C} = {63180181-CDF3-4D5B-A14D-F997855A3277}
	EndGlobalSection
	GlobalSection(ExtensibilityGlobals) = postSolution
		SolutionGuid = {2A79A56F-5A34-487C-9F83-669C29C12057}
	EndGlobalSection
EndGlobal
