
Microsoft Visual Studio Solution File, Format Version 12.00
# Visual Studio Version 16
VisualStudioVersion = 16.0.31702.278
MinimumVisualStudioVersion = 10.0.40219.1
Project("{9A19103F-16F7-4668-BE54-9A1E7A4F7556}") = "Targil0", "Targil0\Targil0.csproj", "{62BAEBEB-3ED3-48DD-8748-1AE7BA2A345A}"
EndProject
Project("{9A19103F-16F7-4668-BE54-9A1E7A4F7556}") = "DalApi", "DalApi\DalApi.csproj", "{03B14460-D0D1-4AFE-90AF-B9F1205E8C2C}"
EndProject
Project("{9A19103F-16F7-4668-BE54-9A1E7A4F7556}") = "BL", "BL\BL.csproj", "{49E8950C-E3A5-42C3-8D8C-F44D8E608D1E}"
EndProject
Project("{9A19103F-16F7-4668-BE54-9A1E7A4F7556}") = "ConsoleUI_BL", "ConsoleUI_BL\ConsoleUI_BL.csproj", "{7068D9AE-1CC2-4BD1-B78B-084FB44AAEC3}"
EndProject
Project("{9A19103F-16F7-4668-BE54-9A1E7A4F7556}") = "PL", "PL\PL.csproj", "{1A05BF3C-DCE7-4693-9583-EFE3A2D7EDE1}"
EndProject
Project("{9A19103F-16F7-4668-BE54-9A1E7A4F7556}") = "DalObject", "DalObject\DalObject.csproj", "{92DF7B6C-038B-4034-B779-CD9E5BDEE17F}"
EndProject
Project("{9A19103F-16F7-4668-BE54-9A1E7A4F7556}") = "DalXml", "DalXml\DalXml.csproj", "{E4E55DF5-9773-4DAC-8EEA-F57CC93DB5DE}"
EndProject
Project("{2150E333-8FDC-42A3-9474-1A3956D46DE8}") = "xml", "xml", "{2AC6158E-E51F-49EA-A8E7-809C8334995C}"
	ProjectSection(SolutionItems) = preProject
		xml\dal-config.xml = xml\dal-config.xml
	EndProjectSection
EndProject
Project("{2150E333-8FDC-42A3-9474-1A3956D46DE8}") = "Data", "Data", "{DC0BA222-B910-4263-A181-70507DA8D3EB}"
	ProjectSection(SolutionItems) = preProject
		Data\config.xml = Data\config.xml
		Data\Customers.xml = Data\Customers.xml
		Data\Drones.xml = Data\Drones.xml
		Data\DronesCharges.xml = Data\DronesCharges.xml
		Data\Parcels.xml = Data\Parcels.xml
		Data\Stations.xml = Data\Stations.xml
	EndProjectSection
EndProject
Project("{9A19103F-16F7-4668-BE54-9A1E7A4F7556}") = "LocalGeo", "LocalGeo\LocalGeo.csproj", "{DCA99011-7A3D-46D1-A00C-307A5BB8439E}"
EndProject
Global
	GlobalSection(SolutionConfigurationPlatforms) = preSolution
		Debug|Any CPU = Debug|Any CPU
		Release|Any CPU = Release|Any CPU
	EndGlobalSection
	GlobalSection(ProjectConfigurationPlatforms) = postSolution
		{62BAEBEB-3ED3-48DD-8748-1AE7BA2A345A}.Debug|Any CPU.ActiveCfg = Debug|Any CPU
		{62BAEBEB-3ED3-48DD-8748-1AE7BA2A345A}.Debug|Any CPU.Build.0 = Debug|Any CPU
		{62BAEBEB-3ED3-48DD-8748-1AE7BA2A345A}.Release|Any CPU.ActiveCfg = Release|Any CPU
		{62BAEBEB-3ED3-48DD-8748-1AE7BA2A345A}.Release|Any CPU.Build.0 = Release|Any CPU
		{03B14460-D0D1-4AFE-90AF-B9F1205E8C2C}.Debug|Any CPU.ActiveCfg = Debug|Any CPU
		{03B14460-D0D1-4AFE-90AF-B9F1205E8C2C}.Debug|Any CPU.Build.0 = Debug|Any CPU
		{03B14460-D0D1-4AFE-90AF-B9F1205E8C2C}.Release|Any CPU.ActiveCfg = Release|Any CPU
		{03B14460-D0D1-4AFE-90AF-B9F1205E8C2C}.Release|Any CPU.Build.0 = Release|Any CPU
		{49E8950C-E3A5-42C3-8D8C-F44D8E608D1E}.Debug|Any CPU.ActiveCfg = Debug|Any CPU
		{49E8950C-E3A5-42C3-8D8C-F44D8E608D1E}.Debug|Any CPU.Build.0 = Debug|Any CPU
		{49E8950C-E3A5-42C3-8D8C-F44D8E608D1E}.Release|Any CPU.ActiveCfg = Release|Any CPU
		{49E8950C-E3A5-42C3-8D8C-F44D8E608D1E}.Release|Any CPU.Build.0 = Release|Any CPU
		{7068D9AE-1CC2-4BD1-B78B-084FB44AAEC3}.Debug|Any CPU.ActiveCfg = Debug|Any CPU
		{7068D9AE-1CC2-4BD1-B78B-084FB44AAEC3}.Debug|Any CPU.Build.0 = Debug|Any CPU
		{7068D9AE-1CC2-4BD1-B78B-084FB44AAEC3}.Release|Any CPU.ActiveCfg = Release|Any CPU
		{7068D9AE-1CC2-4BD1-B78B-084FB44AAEC3}.Release|Any CPU.Build.0 = Release|Any CPU
		{1A05BF3C-DCE7-4693-9583-EFE3A2D7EDE1}.Debug|Any CPU.ActiveCfg = Debug|Any CPU
		{1A05BF3C-DCE7-4693-9583-EFE3A2D7EDE1}.Debug|Any CPU.Build.0 = Debug|Any CPU
		{1A05BF3C-DCE7-4693-9583-EFE3A2D7EDE1}.Release|Any CPU.ActiveCfg = Release|Any CPU
		{1A05BF3C-DCE7-4693-9583-EFE3A2D7EDE1}.Release|Any CPU.Build.0 = Release|Any CPU
		{92DF7B6C-038B-4034-B779-CD9E5BDEE17F}.Debug|Any CPU.ActiveCfg = Debug|Any CPU
		{92DF7B6C-038B-4034-B779-CD9E5BDEE17F}.Debug|Any CPU.Build.0 = Debug|Any CPU
		{92DF7B6C-038B-4034-B779-CD9E5BDEE17F}.Release|Any CPU.ActiveCfg = Release|Any CPU
		{92DF7B6C-038B-4034-B779-CD9E5BDEE17F}.Release|Any CPU.Build.0 = Release|Any CPU
		{E4E55DF5-9773-4DAC-8EEA-F57CC93DB5DE}.Debug|Any CPU.ActiveCfg = Debug|Any CPU
		{E4E55DF5-9773-4DAC-8EEA-F57CC93DB5DE}.Debug|Any CPU.Build.0 = Debug|Any CPU
		{E4E55DF5-9773-4DAC-8EEA-F57CC93DB5DE}.Release|Any CPU.ActiveCfg = Release|Any CPU
		{E4E55DF5-9773-4DAC-8EEA-F57CC93DB5DE}.Release|Any CPU.Build.0 = Release|Any CPU
		{DCA99011-7A3D-46D1-A00C-307A5BB8439E}.Debug|Any CPU.ActiveCfg = Debug|Any CPU
		{DCA99011-7A3D-46D1-A00C-307A5BB8439E}.Debug|Any CPU.Build.0 = Debug|Any CPU
		{DCA99011-7A3D-46D1-A00C-307A5BB8439E}.Release|Any CPU.ActiveCfg = Release|Any CPU
		{DCA99011-7A3D-46D1-A00C-307A5BB8439E}.Release|Any CPU.Build.0 = Release|Any CPU
	EndGlobalSection
	GlobalSection(SolutionProperties) = preSolution
		HideSolutionNode = FALSE
	EndGlobalSection
	GlobalSection(ExtensibilityGlobals) = postSolution
		SolutionGuid = {2A79A56F-5A34-487C-9F83-669C29C12057}
	EndGlobalSection
EndGlobal
